// !$*UTF8*$!
{
	archiveVersion = 1;
	classes = {
	};
	objectVersion = 51;
	objects = {

/* Begin PBXBuildFile section */
		5163EA6B4F59564FA01B6DD2 /* Pods_Notes_App.framework in Frameworks */ = {isa = PBXBuildFile; fileRef = 947FAF5E452CB87274D554B0 /* Pods_Notes_App.framework */; };
		5BD12505245BD080005535CB /* GoogleService-Info.plist in Resources */ = {isa = PBXBuildFile; fileRef = 5BD12504245BD080005535CB /* GoogleService-Info.plist */; };
		5BD12507245BD2E3005535CB /* LoginVC.swift in Sources */ = {isa = PBXBuildFile; fileRef = 5BD12506245BD2E3005535CB /* LoginVC.swift */; };
		5BD12509245BD4E2005535CB /* Google+signin.swift in Sources */ = {isa = PBXBuildFile; fileRef = 5BD12508245BD4E2005535CB /* Google+signin.swift */; };
		5BD1250D245BD79E005535CB /* .gitignore in Resources */ = {isa = PBXBuildFile; fileRef = 5BD1250C245BD79E005535CB /* .gitignore */; };
		5BD1250F245BD8C1005535CB /* FetchVC.swift in Sources */ = {isa = PBXBuildFile; fileRef = 5BD1250E245BD8C1005535CB /* FetchVC.swift */; };
		5BD12512245BDA9E005535CB /* Constants.swift in Sources */ = {isa = PBXBuildFile; fileRef = 5BD12511245BDA9E005535CB /* Constants.swift */; };
		5BEA28C72459C75900A7E385 /* AppDelegate.swift in Sources */ = {isa = PBXBuildFile; fileRef = 5BEA28C62459C75900A7E385 /* AppDelegate.swift */; };
		5BEA28C92459C75900A7E385 /* SceneDelegate.swift in Sources */ = {isa = PBXBuildFile; fileRef = 5BEA28C82459C75900A7E385 /* SceneDelegate.swift */; };
		5BEA28CB2459C75900A7E385 /* ViewController.swift in Sources */ = {isa = PBXBuildFile; fileRef = 5BEA28CA2459C75900A7E385 /* ViewController.swift */; };
		5BEA28CE2459C75900A7E385 /* Main.storyboard in Resources */ = {isa = PBXBuildFile; fileRef = 5BEA28CC2459C75900A7E385 /* Main.storyboard */; };
		5BEA28D12459C75900A7E385 /* Notes_App.xcdatamodeld in Sources */ = {isa = PBXBuildFile; fileRef = 5BEA28CF2459C75900A7E385 /* Notes_App.xcdatamodeld */; };
		5BEA28D32459C76200A7E385 /* Assets.xcassets in Resources */ = {isa = PBXBuildFile; fileRef = 5BEA28D22459C76200A7E385 /* Assets.xcassets */; };
		5BEA28D62459C76200A7E385 /* LaunchScreen.storyboard in Resources */ = {isa = PBXBuildFile; fileRef = 5BEA28D42459C76200A7E385 /* LaunchScreen.storyboard */; };
		5BEA28E12459CD7400A7E385 /* NotesVC.swift in Sources */ = {isa = PBXBuildFile; fileRef = 5BEA28E02459CD7400A7E385 /* NotesVC.swift */; };
		5BEA4D022459F1D3008B7391 /* NotesTableViewCell.swift in Sources */ = {isa = PBXBuildFile; fileRef = 5BEA4D012459F1D3008B7391 /* NotesTableViewCell.swift */; };
/* End PBXBuildFile section */

/* Begin PBXFileReference section */
		357F03AD76B39C9ED7452576 /* Pods-Notes App.release.xcconfig */ = {isa = PBXFileReference; includeInIndex = 1; lastKnownFileType = text.xcconfig; name = "Pods-Notes App.release.xcconfig"; path = "Target Support Files/Pods-Notes App/Pods-Notes App.release.xcconfig"; sourceTree = "<group>"; };
		5BD12504245BD080005535CB /* GoogleService-Info.plist */ = {isa = PBXFileReference; fileEncoding = 4; lastKnownFileType = text.plist.xml; path = "GoogleService-Info.plist"; sourceTree = "<group>"; };
		5BD12506245BD2E3005535CB /* LoginVC.swift */ = {isa = PBXFileReference; lastKnownFileType = sourcecode.swift; path = LoginVC.swift; sourceTree = "<group>"; };
		5BD12508245BD4E2005535CB /* Google+signin.swift */ = {isa = PBXFileReference; lastKnownFileType = sourcecode.swift; path = "Google+signin.swift"; sourceTree = "<group>"; };
		5BD1250C245BD79E005535CB /* .gitignore */ = {isa = PBXFileReference; lastKnownFileType = text; path = .gitignore; sourceTree = "<group>"; };
		5BD1250E245BD8C1005535CB /* FetchVC.swift */ = {isa = PBXFileReference; lastKnownFileType = sourcecode.swift; path = FetchVC.swift; sourceTree = "<group>"; };
		5BD12511245BDA9E005535CB /* Constants.swift */ = {isa = PBXFileReference; lastKnownFileType = sourcecode.swift; path = Constants.swift; sourceTree = "<group>"; };
		5BEA28C32459C75900A7E385 /* Notes App.app */ = {isa = PBXFileReference; explicitFileType = wrapper.application; includeInIndex = 0; path = "Notes App.app"; sourceTree = BUILT_PRODUCTS_DIR; };
		5BEA28C62459C75900A7E385 /* AppDelegate.swift */ = {isa = PBXFileReference; lastKnownFileType = sourcecode.swift; path = AppDelegate.swift; sourceTree = "<group>"; };
		5BEA28C82459C75900A7E385 /* SceneDelegate.swift */ = {isa = PBXFileReference; lastKnownFileType = sourcecode.swift; path = SceneDelegate.swift; sourceTree = "<group>"; };
		5BEA28CA2459C75900A7E385 /* ViewController.swift */ = {isa = PBXFileReference; lastKnownFileType = sourcecode.swift; path = ViewController.swift; sourceTree = "<group>"; };
		5BEA28CD2459C75900A7E385 /* Base */ = {isa = PBXFileReference; lastKnownFileType = file.storyboard; name = Base; path = Base.lproj/Main.storyboard; sourceTree = "<group>"; };
		5BEA28D02459C75900A7E385 /* Notes_App.xcdatamodel */ = {isa = PBXFileReference; lastKnownFileType = wrapper.xcdatamodel; path = Notes_App.xcdatamodel; sourceTree = "<group>"; };
		5BEA28D22459C76200A7E385 /* Assets.xcassets */ = {isa = PBXFileReference; lastKnownFileType = folder.assetcatalog; path = Assets.xcassets; sourceTree = "<group>"; };
		5BEA28D52459C76200A7E385 /* Base */ = {isa = PBXFileReference; lastKnownFileType = file.storyboard; name = Base; path = Base.lproj/LaunchScreen.storyboard; sourceTree = "<group>"; };
		5BEA28D72459C76200A7E385 /* Info.plist */ = {isa = PBXFileReference; lastKnownFileType = text.plist.xml; path = Info.plist; sourceTree = "<group>"; };
		5BEA28E02459CD7400A7E385 /* NotesVC.swift */ = {isa = PBXFileReference; lastKnownFileType = sourcecode.swift; path = NotesVC.swift; sourceTree = "<group>"; };
		5BEA4D012459F1D3008B7391 /* NotesTableViewCell.swift */ = {isa = PBXFileReference; lastKnownFileType = sourcecode.swift; path = NotesTableViewCell.swift; sourceTree = "<group>"; };
		947FAF5E452CB87274D554B0 /* Pods_Notes_App.framework */ = {isa = PBXFileReference; explicitFileType = wrapper.framework; includeInIndex = 0; path = Pods_Notes_App.framework; sourceTree = BUILT_PRODUCTS_DIR; };
		AF4AA96D2277C061D5D5181A /* Pods-Notes App.debug.xcconfig */ = {isa = PBXFileReference; includeInIndex = 1; lastKnownFileType = text.xcconfig; name = "Pods-Notes App.debug.xcconfig"; path = "Target Support Files/Pods-Notes App/Pods-Notes App.debug.xcconfig"; sourceTree = "<group>"; };
/* End PBXFileReference section */

/* Begin PBXFrameworksBuildPhase section */
		5BEA28C02459C75900A7E385 /* Frameworks */ = {
			isa = PBXFrameworksBuildPhase;
			buildActionMask = 2147483647;
			files = (
				5163EA6B4F59564FA01B6DD2 /* Pods_Notes_App.framework in Frameworks */,
			);
			runOnlyForDeploymentPostprocessing = 0;
		};
/* End PBXFrameworksBuildPhase section */

/* Begin PBXGroup section */
		4D8DE746D00308AC2A5377C7 /* Frameworks */ = {
			isa = PBXGroup;
			children = (
				947FAF5E452CB87274D554B0 /* Pods_Notes_App.framework */,
			);
			name = Frameworks;
			sourceTree = "<group>";
		};
		58B19DDE57928765146EC717 /* Pods */ = {
			isa = PBXGroup;
			children = (
				AF4AA96D2277C061D5D5181A /* Pods-Notes App.debug.xcconfig */,
				357F03AD76B39C9ED7452576 /* Pods-Notes App.release.xcconfig */,
			);
			path = Pods;
			sourceTree = "<group>";
		};
		5BD12510245BDA8C005535CB /* Utilities */ = {
			isa = PBXGroup;
			children = (
				5BD12511245BDA9E005535CB /* Constants.swift */,
			);
			path = Utilities;
			sourceTree = "<group>";
		};
		5BEA28BA2459C75900A7E385 = {
			isa = PBXGroup;
			children = (
				5BEA28C52459C75900A7E385 /* Notes App */,
				5BEA28C42459C75900A7E385 /* Products */,
				58B19DDE57928765146EC717 /* Pods */,
				4D8DE746D00308AC2A5377C7 /* Frameworks */,
			);
			sourceTree = "<group>";
		};
		5BEA28C42459C75900A7E385 /* Products */ = {
			isa = PBXGroup;
			children = (
				5BEA28C32459C75900A7E385 /* Notes App.app */,
			);
			name = Products;
			sourceTree = "<group>";
		};
		5BEA28C52459C75900A7E385 /* Notes App */ = {
			isa = PBXGroup;
			children = (
				5BD12510245BDA8C005535CB /* Utilities */,
				5BEA28DF2459CBE100A7E385 /* Controller */,
				5BEA28DE2459CBCC00A7E385 /* View */,
				5BEA28DD2459CBC700A7E385 /* Model */,
				5BEA28C62459C75900A7E385 /* AppDelegate.swift */,
				5BEA28C82459C75900A7E385 /* SceneDelegate.swift */,
				5BEA28CA2459C75900A7E385 /* ViewController.swift */,
				5BEA28CC2459C75900A7E385 /* Main.storyboard */,
				5BEA28D22459C76200A7E385 /* Assets.xcassets */,
				5BEA28D42459C76200A7E385 /* LaunchScreen.storyboard */,
				5BEA28D72459C76200A7E385 /* Info.plist */,
				5BD12504245BD080005535CB /* GoogleService-Info.plist */,
				5BEA28CF2459C75900A7E385 /* Notes_App.xcdatamodeld */,
				5BD1250C245BD79E005535CB /* .gitignore */,
			);
			path = "Notes App";
			sourceTree = "<group>";
		};
		5BEA28DD2459CBC700A7E385 /* Model */ = {
			isa = PBXGroup;
			children = (
				5BD12508245BD4E2005535CB /* Google+signin.swift */,
			);
			path = Model;
			sourceTree = "<group>";
		};
		5BEA28DE2459CBCC00A7E385 /* View */ = {
			isa = PBXGroup;
			children = (
				5BEA4D012459F1D3008B7391 /* NotesTableViewCell.swift */,
			);
			path = View;
			sourceTree = "<group>";
		};
		5BEA28DF2459CBE100A7E385 /* Controller */ = {
			isa = PBXGroup;
			children = (
				5BEA28E02459CD7400A7E385 /* NotesVC.swift */,
				5BD12506245BD2E3005535CB /* LoginVC.swift */,
				5BD1250E245BD8C1005535CB /* FetchVC.swift */,
			);
			path = Controller;
			sourceTree = "<group>";
		};
/* End PBXGroup section */

/* Begin PBXNativeTarget section */
		5BEA28C22459C75900A7E385 /* Notes App */ = {
			isa = PBXNativeTarget;
			buildConfigurationList = 5BEA28DA2459C76200A7E385 /* Build configuration list for PBXNativeTarget "Notes App" */;
			buildPhases = (
				7C83003918FC17B1198D6E3D /* [CP] Check Pods Manifest.lock */,
				5BEA28BF2459C75900A7E385 /* Sources */,
				5BEA28C02459C75900A7E385 /* Frameworks */,
				5BEA28C12459C75900A7E385 /* Resources */,
				D6275ACC1D166816914505F0 /* [CP] Embed Pods Frameworks */,
				5DADF1B31E6BFE13CD4DD0C5 /* [CP] Copy Pods Resources */,
			);
			buildRules = (
			);
			dependencies = (
			);
			name = "Notes App";
			productName = "Notes App";
			productReference = 5BEA28C32459C75900A7E385 /* Notes App.app */;
			productType = "com.apple.product-type.application";
		};
/* End PBXNativeTarget section */

/* Begin PBXProject section */
		5BEA28BB2459C75900A7E385 /* Project object */ = {
			isa = PBXProject;
			attributes = {
				LastSwiftUpdateCheck = 1140;
				LastUpgradeCheck = 1140;
				ORGANIZATIONNAME = "Aaryan Kothari";
				TargetAttributes = {
					5BEA28C22459C75900A7E385 = {
						CreatedOnToolsVersion = 11.4;
					};
				};
			};
			buildConfigurationList = 5BEA28BE2459C75900A7E385 /* Build configuration list for PBXProject "Notes App" */;
			compatibilityVersion = "Xcode 9.3";
			developmentRegion = en;
			hasScannedForEncodings = 0;
			knownRegions = (
				en,
				Base,
			);
			mainGroup = 5BEA28BA2459C75900A7E385;
			productRefGroup = 5BEA28C42459C75900A7E385 /* Products */;
			projectDirPath = "";
			projectRoot = "";
			targets = (
				5BEA28C22459C75900A7E385 /* Notes App */,
			);
		};
/* End PBXProject section */

/* Begin PBXResourcesBuildPhase section */
		5BEA28C12459C75900A7E385 /* Resources */ = {
			isa = PBXResourcesBuildPhase;
			buildActionMask = 2147483647;
			files = (
				5BD1250D245BD79E005535CB /* .gitignore in Resources */,
				5BEA28D62459C76200A7E385 /* LaunchScreen.storyboard in Resources */,
				5BD12505245BD080005535CB /* GoogleService-Info.plist in Resources */,
				5BEA28D32459C76200A7E385 /* Assets.xcassets in Resources */,
				5BEA28CE2459C75900A7E385 /* Main.storyboard in Resources */,
			);
			runOnlyForDeploymentPostprocessing = 0;
		};
/* End PBXResourcesBuildPhase section */

/* Begin PBXShellScriptBuildPhase section */
		5DADF1B31E6BFE13CD4DD0C5 /* [CP] Copy Pods Resources */ = {
			isa = PBXShellScriptBuildPhase;
			buildActionMask = 2147483647;
			files = (
			);
			inputFileListPaths = (
				"${PODS_ROOT}/Target Support Files/Pods-Notes App/Pods-Notes App-resources-${CONFIGURATION}-input-files.xcfilelist",
			);
			name = "[CP] Copy Pods Resources";
			outputFileListPaths = (
				"${PODS_ROOT}/Target Support Files/Pods-Notes App/Pods-Notes App-resources-${CONFIGURATION}-output-files.xcfilelist",
			);
			runOnlyForDeploymentPostprocessing = 0;
			shellPath = /bin/sh;
			shellScript = "\"${PODS_ROOT}/Target Support Files/Pods-Notes App/Pods-Notes App-resources.sh\"\n";
			showEnvVarsInLog = 0;
		};
		7C83003918FC17B1198D6E3D /* [CP] Check Pods Manifest.lock */ = {
			isa = PBXShellScriptBuildPhase;
			buildActionMask = 2147483647;
			files = (
			);
			inputFileListPaths = (
			);
			inputPaths = (
				"${PODS_PODFILE_DIR_PATH}/Podfile.lock",
				"${PODS_ROOT}/Manifest.lock",
			);
			name = "[CP] Check Pods Manifest.lock";
			outputFileListPaths = (
			);
			outputPaths = (
				"$(DERIVED_FILE_DIR)/Pods-Notes App-checkManifestLockResult.txt",
			);
			runOnlyForDeploymentPostprocessing = 0;
			shellPath = /bin/sh;
			shellScript = "diff \"${PODS_PODFILE_DIR_PATH}/Podfile.lock\" \"${PODS_ROOT}/Manifest.lock\" > /dev/null\nif [ $? != 0 ] ; then\n    # print error to STDERR\n    echo \"error: The sandbox is not in sync with the Podfile.lock. Run 'pod install' or update your CocoaPods installation.\" >&2\n    exit 1\nfi\n# This output is used by Xcode 'outputs' to avoid re-running this script phase.\necho \"SUCCESS\" > \"${SCRIPT_OUTPUT_FILE_0}\"\n";
			showEnvVarsInLog = 0;
		};
		D6275ACC1D166816914505F0 /* [CP] Embed Pods Frameworks */ = {
			isa = PBXShellScriptBuildPhase;
			buildActionMask = 2147483647;
			files = (
			);
			inputFileListPaths = (
				"${PODS_ROOT}/Target Support Files/Pods-Notes App/Pods-Notes App-frameworks-${CONFIGURATION}-input-files.xcfilelist",
			);
			name = "[CP] Embed Pods Frameworks";
			outputFileListPaths = (
				"${PODS_ROOT}/Target Support Files/Pods-Notes App/Pods-Notes App-frameworks-${CONFIGURATION}-output-files.xcfilelist",
			);
			runOnlyForDeploymentPostprocessing = 0;
			shellPath = /bin/sh;
			shellScript = "\"${PODS_ROOT}/Target Support Files/Pods-Notes App/Pods-Notes App-frameworks.sh\"\n";
			showEnvVarsInLog = 0;
		};
/* End PBXShellScriptBuildPhase section */

/* Begin PBXSourcesBuildPhase section */
		5BEA28BF2459C75900A7E385 /* Sources */ = {
			isa = PBXSourcesBuildPhase;
			buildActionMask = 2147483647;
			files = (
				5BEA28CB2459C75900A7E385 /* ViewController.swift in Sources */,
				5BD1250F245BD8C1005535CB /* FetchVC.swift in Sources */,
				5BEA28E12459CD7400A7E385 /* NotesVC.swift in Sources */,
				5BD12507245BD2E3005535CB /* LoginVC.swift in Sources */,
				5BEA28C72459C75900A7E385 /* AppDelegate.swift in Sources */,
				5BD12512245BDA9E005535CB /* Constants.swift in Sources */,
				5BEA28C92459C75900A7E385 /* SceneDelegate.swift in Sources */,
				5BEA28D12459C75900A7E385 /* Notes_App.xcdatamodeld in Sources */,
				5BD12509245BD4E2005535CB /* Google+signin.swift in Sources */,
				5BEA4D022459F1D3008B7391 /* NotesTableViewCell.swift in Sources */,
			);
			runOnlyForDeploymentPostprocessing = 0;
		};
/* End PBXSourcesBuildPhase section */

/* Begin PBXVariantGroup section */
		5BEA28CC2459C75900A7E385 /* Main.storyboard */ = {
			isa = PBXVariantGroup;
			children = (
				5BEA28CD2459C75900A7E385 /* Base */,
			);
			name = Main.storyboard;
			sourceTree = "<group>";
		};
		5BEA28D42459C76200A7E385 /* LaunchScreen.storyboard */ = {
			isa = PBXVariantGroup;
			children = (
				5BEA28D52459C76200A7E385 /* Base */,
			);
			name = LaunchScreen.storyboard;
			sourceTree = "<group>";
		};
/* End PBXVariantGroup section */

/* Begin XCBuildConfiguration section */
		5BEA28D82459C76200A7E385 /* Debug */ = {
			isa = XCBuildConfiguration;
			buildSettings = {
				ALWAYS_SEARCH_USER_PATHS = NO;
				CLANG_ANALYZER_NONNULL = YES;
				CLANG_ANALYZER_NUMBER_OBJECT_CONVERSION = YES_AGGRESSIVE;
				CLANG_CXX_LANGUAGE_STANDARD = "gnu++14";
				CLANG_CXX_LIBRARY = "libc++";
				CLANG_ENABLE_MODULES = YES;
				CLANG_ENABLE_OBJC_ARC = YES;
				CLANG_ENABLE_OBJC_WEAK = YES;
				CLANG_WARN_BLOCK_CAPTURE_AUTORELEASING = YES;
				CLANG_WARN_BOOL_CONVERSION = YES;
				CLANG_WARN_COMMA = YES;
				CLANG_WARN_CONSTANT_CONVERSION = YES;
				CLANG_WARN_DEPRECATED_OBJC_IMPLEMENTATIONS = YES;
				CLANG_WARN_DIRECT_OBJC_ISA_USAGE = YES_ERROR;
				CLANG_WARN_DOCUMENTATION_COMMENTS = YES;
				CLANG_WARN_EMPTY_BODY = YES;
				CLANG_WARN_ENUM_CONVERSION = YES;
				CLANG_WARN_INFINITE_RECURSION = YES;
				CLANG_WARN_INT_CONVERSION = YES;
				CLANG_WARN_NON_LITERAL_NULL_CONVERSION = YES;
				CLANG_WARN_OBJC_IMPLICIT_RETAIN_SELF = YES;
				CLANG_WARN_OBJC_LITERAL_CONVERSION = YES;
				CLANG_WARN_OBJC_ROOT_CLASS = YES_ERROR;
				CLANG_WARN_RANGE_LOOP_ANALYSIS = YES;
				CLANG_WARN_STRICT_PROTOTYPES = YES;
				CLANG_WARN_SUSPICIOUS_MOVE = YES;
				CLANG_WARN_UNGUARDED_AVAILABILITY = YES_AGGRESSIVE;
				CLANG_WARN_UNREACHABLE_CODE = YES;
				CLANG_WARN__DUPLICATE_METHOD_MATCH = YES;
				COPY_PHASE_STRIP = NO;
				DEBUG_INFORMATION_FORMAT = dwarf;
				ENABLE_STRICT_OBJC_MSGSEND = YES;
				ENABLE_TESTABILITY = YES;
				GCC_C_LANGUAGE_STANDARD = gnu11;
				GCC_DYNAMIC_NO_PIC = NO;
				GCC_NO_COMMON_BLOCKS = YES;
				GCC_OPTIMIZATION_LEVEL = 0;
				GCC_PREPROCESSOR_DEFINITIONS = (
					"DEBUG=1",
					"$(inherited)",
				);
				GCC_WARN_64_TO_32_BIT_CONVERSION = YES;
				GCC_WARN_ABOUT_RETURN_TYPE = YES_ERROR;
				GCC_WARN_UNDECLARED_SELECTOR = YES;
				GCC_WARN_UNINITIALIZED_AUTOS = YES_AGGRESSIVE;
				GCC_WARN_UNUSED_FUNCTION = YES;
				GCC_WARN_UNUSED_VARIABLE = YES;
				IPHONEOS_DEPLOYMENT_TARGET = 13.4;
				MTL_ENABLE_DEBUG_INFO = INCLUDE_SOURCE;
				MTL_FAST_MATH = YES;
				ONLY_ACTIVE_ARCH = YES;
				SDKROOT = iphoneos;
				SWIFT_ACTIVE_COMPILATION_CONDITIONS = DEBUG;
				SWIFT_OPTIMIZATION_LEVEL = "-Onone";
			};
			name = Debug;
		};
		5BEA28D92459C76200A7E385 /* Release */ = {
			isa = XCBuildConfiguration;
			buildSettings = {
				ALWAYS_SEARCH_USER_PATHS = NO;
				CLANG_ANALYZER_NONNULL = YES;
				CLANG_ANALYZER_NUMBER_OBJECT_CONVERSION = YES_AGGRESSIVE;
				CLANG_CXX_LANGUAGE_STANDARD = "gnu++14";
				CLANG_CXX_LIBRARY = "libc++";
				CLANG_ENABLE_MODULES = YES;
				CLANG_ENABLE_OBJC_ARC = YES;
				CLANG_ENABLE_OBJC_WEAK = YES;
				CLANG_WARN_BLOCK_CAPTURE_AUTORELEASING = YES;
				CLANG_WARN_BOOL_CONVERSION = YES;
				CLANG_WARN_COMMA = YES;
				CLANG_WARN_CONSTANT_CONVERSION = YES;
				CLANG_WARN_DEPRECATED_OBJC_IMPLEMENTATIONS = YES;
				CLANG_WARN_DIRECT_OBJC_ISA_USAGE = YES_ERROR;
				CLANG_WARN_DOCUMENTATION_COMMENTS = YES;
				CLANG_WARN_EMPTY_BODY = YES;
				CLANG_WARN_ENUM_CONVERSION = YES;
				CLANG_WARN_INFINITE_RECURSION = YES;
				CLANG_WARN_INT_CONVERSION = YES;
				CLANG_WARN_NON_LITERAL_NULL_CONVERSION = YES;
				CLANG_WARN_OBJC_IMPLICIT_RETAIN_SELF = YES;
				CLANG_WARN_OBJC_LITERAL_CONVERSION = YES;
				CLANG_WARN_OBJC_ROOT_CLASS = YES_ERROR;
				CLANG_WARN_RANGE_LOOP_ANALYSIS = YES;
				CLANG_WARN_STRICT_PROTOTYPES = YES;
				CLANG_WARN_SUSPICIOUS_MOVE = YES;
				CLANG_WARN_UNGUARDED_AVAILABILITY = YES_AGGRESSIVE;
				CLANG_WARN_UNREACHABLE_CODE = YES;
				CLANG_WARN__DUPLICATE_METHOD_MATCH = YES;
				COPY_PHASE_STRIP = NO;
				DEBUG_INFORMATION_FORMAT = "dwarf-with-dsym";
				ENABLE_NS_ASSERTIONS = NO;
				ENABLE_STRICT_OBJC_MSGSEND = YES;
				GCC_C_LANGUAGE_STANDARD = gnu11;
				GCC_NO_COMMON_BLOCKS = YES;
				GCC_WARN_64_TO_32_BIT_CONVERSION = YES;
				GCC_WARN_ABOUT_RETURN_TYPE = YES_ERROR;
				GCC_WARN_UNDECLARED_SELECTOR = YES;
				GCC_WARN_UNINITIALIZED_AUTOS = YES_AGGRESSIVE;
				GCC_WARN_UNUSED_FUNCTION = YES;
				GCC_WARN_UNUSED_VARIABLE = YES;
				IPHONEOS_DEPLOYMENT_TARGET = 13.4;
				MTL_ENABLE_DEBUG_INFO = NO;
				MTL_FAST_MATH = YES;
				SDKROOT = iphoneos;
				SWIFT_COMPILATION_MODE = wholemodule;
				SWIFT_OPTIMIZATION_LEVEL = "-O";
				VALIDATE_PRODUCT = YES;
			};
			name = Release;
		};
		5BEA28DB2459C76200A7E385 /* Debug */ = {
			isa = XCBuildConfiguration;
			baseConfigurationReference = AF4AA96D2277C061D5D5181A /* Pods-Notes App.debug.xcconfig */;
			buildSettings = {
				ASSETCATALOG_COMPILER_APPICON_NAME = AppIcon;
				CODE_SIGN_STYLE = Automatic;
				DEVELOPMENT_TEAM = F8CHS6PHQS;
				INFOPLIST_FILE = "Notes App/Info.plist";
				LD_RUNPATH_SEARCH_PATHS = (
					"$(inherited)",
					"@executable_path/Frameworks",
				);
				PRODUCT_BUNDLE_IDENTIFIER = "ak.Notes-App";
				PRODUCT_NAME = "$(TARGET_NAME)";
				SWIFT_VERSION = 5.0;
				TARGETED_DEVICE_FAMILY = "1,2";
			};
			name = Debug;
		};
		5BEA28DC2459C76200A7E385 /* Release */ = {
			isa = XCBuildConfiguration;
			baseConfigurationReference = 357F03AD76B39C9ED7452576 /* Pods-Notes App.release.xcconfig */;
			buildSettings = {
				ASSETCATALOG_COMPILER_APPICON_NAME = AppIcon;
				CODE_SIGN_STYLE = Automatic;
				DEVELOPMENT_TEAM = F8CHS6PHQS;
				INFOPLIST_FILE = "Notes App/Info.plist";
				LD_RUNPATH_SEARCH_PATHS = (
					"$(inherited)",
					"@executable_path/Frameworks",
				);
				PRODUCT_BUNDLE_IDENTIFIER = "ak.Notes-App";
				PRODUCT_NAME = "$(TARGET_NAME)";
				SWIFT_VERSION = 5.0;
				TARGETED_DEVICE_FAMILY = "1,2";
			};
			name = Release;
		};
/* End XCBuildConfiguration section */

/* Begin XCConfigurationList section */
		5BEA28BE2459C75900A7E385 /* Build configuration list for PBXProject "Notes App" */ = {
			isa = XCConfigurationList;
			buildConfigurations = (
				5BEA28D82459C76200A7E385 /* Debug */,
				5BEA28D92459C76200A7E385 /* Release */,
			);
			defaultConfigurationIsVisible = 0;
			defaultConfigurationName = Release;
		};
		5BEA28DA2459C76200A7E385 /* Build configuration list for PBXNativeTarget "Notes App" */ = {
			isa = XCConfigurationList;
			buildConfigurations = (
				5BEA28DB2459C76200A7E385 /* Debug */,
				5BEA28DC2459C76200A7E385 /* Release */,
			);
			defaultConfigurationIsVisible = 0;
			defaultConfigurationName = Release;
		};
/* End XCConfigurationList section */

/* Begin XCVersionGroup section */
		5BEA28CF2459C75900A7E385 /* Notes_App.xcdatamodeld */ = {
			isa = XCVersionGroup;
			children = (
				5BEA28D02459C75900A7E385 /* Notes_App.xcdatamodel */,
			);
			currentVersion = 5BEA28D02459C75900A7E385 /* Notes_App.xcdatamodel */;
			path = Notes_App.xcdatamodeld;
			sourceTree = "<group>";
			versionGroupType = wrapper.xcdatamodel;
		};
/* End XCVersionGroup section */
	};
	rootObject = 5BEA28BB2459C75900A7E385 /* Project object */;
}
